// !$*UTF8*$!
{
	archiveVersion = 1;
	classes = {
	};
	objectVersion = 52;
	objects = {

/* Begin PBXBuildFile section */
		B13B51D4244DE5520012BECF /* DetailTableViewController.swift in Sources */ = {isa = PBXBuildFile; fileRef = B13B51D3244DE5520012BECF /* DetailTableViewController.swift */; };
		B19BF5302443F9C300689BBC /* FeedTableViewController.swift in Sources */ = {isa = PBXBuildFile; fileRef = B19BF52F2443F9C300689BBC /* FeedTableViewController.swift */; };
		B19BF5322443F9E600689BBC /* ReadingListTableViewController.swift in Sources */ = {isa = PBXBuildFile; fileRef = B19BF5312443F9E600689BBC /* ReadingListTableViewController.swift */; };
		B19BF53524451BF300689BBC /* Kingfisher in Frameworks */ = {isa = PBXBuildFile; productRef = B19BF53424451BF300689BBC /* Kingfisher */; };
		B1DACDBC2442B2F8000F35D3 /* AppDelegate.swift in Sources */ = {isa = PBXBuildFile; fileRef = B1DACDBB2442B2F8000F35D3 /* AppDelegate.swift */; };
		B1DACDBE2442B2F8000F35D3 /* SceneDelegate.swift in Sources */ = {isa = PBXBuildFile; fileRef = B1DACDBD2442B2F8000F35D3 /* SceneDelegate.swift */; };
		B1DACDC32442B2F8000F35D3 /* Main.storyboard in Resources */ = {isa = PBXBuildFile; fileRef = B1DACDC12442B2F8000F35D3 /* Main.storyboard */; };
		B1DACDC52442B2FC000F35D3 /* Assets.xcassets in Resources */ = {isa = PBXBuildFile; fileRef = B1DACDC42442B2FC000F35D3 /* Assets.xcassets */; };
		B1DACDC82442B2FC000F35D3 /* LaunchScreen.storyboard in Resources */ = {isa = PBXBuildFile; fileRef = B1DACDC62442B2FC000F35D3 /* LaunchScreen.storyboard */; };
		B1DACDD32442B2FC000F35D3 /* FInal_ProjectTests.swift in Sources */ = {isa = PBXBuildFile; fileRef = B1DACDD22442B2FC000F35D3 /* FInal_ProjectTests.swift */; };
		B1DACDDE2442B2FC000F35D3 /* FInal_ProjectUITests.swift in Sources */ = {isa = PBXBuildFile; fileRef = B1DACDDD2442B2FC000F35D3 /* FInal_ProjectUITests.swift */; };
/* End PBXBuildFile section */

/* Begin PBXContainerItemProxy section */
		B1DACDCF2442B2FC000F35D3 /* PBXContainerItemProxy */ = {
			isa = PBXContainerItemProxy;
			containerPortal = B1DACDB02442B2F8000F35D3 /* Project object */;
			proxyType = 1;
			remoteGlobalIDString = B1DACDB72442B2F8000F35D3;
			remoteInfo = "FInal Project";
		};
		B1DACDDA2442B2FC000F35D3 /* PBXContainerItemProxy */ = {
			isa = PBXContainerItemProxy;
			containerPortal = B1DACDB02442B2F8000F35D3 /* Project object */;
			proxyType = 1;
			remoteGlobalIDString = B1DACDB72442B2F8000F35D3;
			remoteInfo = "FInal Project";
		};
/* End PBXContainerItemProxy section */

/* Begin PBXFileReference section */
		B13B51D3244DE5520012BECF /* DetailTableViewController.swift */ = {isa = PBXFileReference; lastKnownFileType = sourcecode.swift; path = DetailTableViewController.swift; sourceTree = "<group>"; };
		B19BF52F2443F9C300689BBC /* FeedTableViewController.swift */ = {isa = PBXFileReference; lastKnownFileType = sourcecode.swift; path = FeedTableViewController.swift; sourceTree = "<group>"; };
		B19BF5312443F9E600689BBC /* ReadingListTableViewController.swift */ = {isa = PBXFileReference; lastKnownFileType = sourcecode.swift; path = ReadingListTableViewController.swift; sourceTree = "<group>"; };
		B1DACDB82442B2F8000F35D3 /* Final Project.app */ = {isa = PBXFileReference; explicitFileType = wrapper.application; includeInIndex = 0; path = "Final Project.app"; sourceTree = BUILT_PRODUCTS_DIR; };
		B1DACDBB2442B2F8000F35D3 /* AppDelegate.swift */ = {isa = PBXFileReference; lastKnownFileType = sourcecode.swift; path = AppDelegate.swift; sourceTree = "<group>"; };
		B1DACDBD2442B2F8000F35D3 /* SceneDelegate.swift */ = {isa = PBXFileReference; lastKnownFileType = sourcecode.swift; path = SceneDelegate.swift; sourceTree = "<group>"; };
		B1DACDC22442B2F8000F35D3 /* Base */ = {isa = PBXFileReference; lastKnownFileType = file.storyboard; name = Base; path = Base.lproj/Main.storyboard; sourceTree = "<group>"; };
		B1DACDC42442B2FC000F35D3 /* Assets.xcassets */ = {isa = PBXFileReference; lastKnownFileType = folder.assetcatalog; path = Assets.xcassets; sourceTree = "<group>"; };
		B1DACDC72442B2FC000F35D3 /* Base */ = {isa = PBXFileReference; lastKnownFileType = file.storyboard; name = Base; path = Base.lproj/LaunchScreen.storyboard; sourceTree = "<group>"; };
		B1DACDC92442B2FC000F35D3 /* Info.plist */ = {isa = PBXFileReference; lastKnownFileType = text.plist.xml; path = Info.plist; sourceTree = "<group>"; };
		B1DACDCE2442B2FC000F35D3 /* Final ProjectTests.xctest */ = {isa = PBXFileReference; explicitFileType = wrapper.cfbundle; includeInIndex = 0; path = "Final ProjectTests.xctest"; sourceTree = BUILT_PRODUCTS_DIR; };
		B1DACDD22442B2FC000F35D3 /* FInal_ProjectTests.swift */ = {isa = PBXFileReference; lastKnownFileType = sourcecode.swift; path = FInal_ProjectTests.swift; sourceTree = "<group>"; };
		B1DACDD42442B2FC000F35D3 /* Info.plist */ = {isa = PBXFileReference; lastKnownFileType = text.plist.xml; path = Info.plist; sourceTree = "<group>"; };
		B1DACDD92442B2FC000F35D3 /* Final ProjectUITests.xctest */ = {isa = PBXFileReference; explicitFileType = wrapper.cfbundle; includeInIndex = 0; path = "Final ProjectUITests.xctest"; sourceTree = BUILT_PRODUCTS_DIR; };
		B1DACDDD2442B2FC000F35D3 /* FInal_ProjectUITests.swift */ = {isa = PBXFileReference; lastKnownFileType = sourcecode.swift; path = FInal_ProjectUITests.swift; sourceTree = "<group>"; };
		B1DACDDF2442B2FC000F35D3 /* Info.plist */ = {isa = PBXFileReference; lastKnownFileType = text.plist.xml; path = Info.plist; sourceTree = "<group>"; };
/* End PBXFileReference section */

/* Begin PBXFrameworksBuildPhase section */
		B1DACDB52442B2F8000F35D3 /* Frameworks */ = {
			isa = PBXFrameworksBuildPhase;
			buildActionMask = 2147483647;
			files = (
				B19BF53524451BF300689BBC /* Kingfisher in Frameworks */,
			);
			runOnlyForDeploymentPostprocessing = 0;
		};
		B1DACDCB2442B2FC000F35D3 /* Frameworks */ = {
			isa = PBXFrameworksBuildPhase;
			buildActionMask = 2147483647;
			files = (
			);
			runOnlyForDeploymentPostprocessing = 0;
		};
		B1DACDD62442B2FC000F35D3 /* Frameworks */ = {
			isa = PBXFrameworksBuildPhase;
			buildActionMask = 2147483647;
			files = (
			);
			runOnlyForDeploymentPostprocessing = 0;
		};
/* End PBXFrameworksBuildPhase section */

/* Begin PBXGroup section */
		B1DACDAF2442B2F8000F35D3 = {
			isa = PBXGroup;
			children = (
				B1DACDBA2442B2F8000F35D3 /* Final Project */,
				B1DACDD12442B2FC000F35D3 /* Final ProjectTests */,
				B1DACDDC2442B2FC000F35D3 /* Final ProjectUITests */,
				B1DACDB92442B2F8000F35D3 /* Products */,
			);
			sourceTree = "<group>";
		};
		B1DACDB92442B2F8000F35D3 /* Products */ = {
			isa = PBXGroup;
			children = (
				B1DACDB82442B2F8000F35D3 /* Final Project.app */,
				B1DACDCE2442B2FC000F35D3 /* Final ProjectTests.xctest */,
				B1DACDD92442B2FC000F35D3 /* Final ProjectUITests.xctest */,
			);
			name = Products;
			sourceTree = "<group>";
		};
		B1DACDBA2442B2F8000F35D3 /* Final Project */ = {
			isa = PBXGroup;
			children = (
				B1DACDBB2442B2F8000F35D3 /* AppDelegate.swift */,
				B1DACDBD2442B2F8000F35D3 /* SceneDelegate.swift */,
				B1DACDC12442B2F8000F35D3 /* Main.storyboard */,
				B13B51D3244DE5520012BECF /* DetailTableViewController.swift */,
				B19BF52F2443F9C300689BBC /* FeedTableViewController.swift */,
				B19BF5312443F9E600689BBC /* ReadingListTableViewController.swift */,
				B1DACDC42442B2FC000F35D3 /* Assets.xcassets */,
				B1DACDC62442B2FC000F35D3 /* LaunchScreen.storyboard */,
				B1DACDC92442B2FC000F35D3 /* Info.plist */,
			);
			path = "Final Project";
			sourceTree = "<group>";
		};
		B1DACDD12442B2FC000F35D3 /* Final ProjectTests */ = {
			isa = PBXGroup;
			children = (
				B1DACDD22442B2FC000F35D3 /* FInal_ProjectTests.swift */,
				B1DACDD42442B2FC000F35D3 /* Info.plist */,
			);
			path = "Final ProjectTests";
			sourceTree = "<group>";
		};
		B1DACDDC2442B2FC000F35D3 /* Final ProjectUITests */ = {
			isa = PBXGroup;
			children = (
				B1DACDDD2442B2FC000F35D3 /* FInal_ProjectUITests.swift */,
				B1DACDDF2442B2FC000F35D3 /* Info.plist */,
			);
			path = "Final ProjectUITests";
			sourceTree = "<group>";
		};
/* End PBXGroup section */

/* Begin PBXNativeTarget section */
		B1DACDB72442B2F8000F35D3 /* Final Project */ = {
			isa = PBXNativeTarget;
			buildConfigurationList = B1DACDE22442B2FC000F35D3 /* Build configuration list for PBXNativeTarget "Final Project" */;
			buildPhases = (
				B1DACDB42442B2F8000F35D3 /* Sources */,
				B1DACDB52442B2F8000F35D3 /* Frameworks */,
				B1DACDB62442B2F8000F35D3 /* Resources */,
			);
			buildRules = (
			);
			dependencies = (
			);
			name = "Final Project";
			packageProductDependencies = (
				B19BF53424451BF300689BBC /* Kingfisher */,
			);
			productName = "FInal Project";
			productReference = B1DACDB82442B2F8000F35D3 /* Final Project.app */;
			productType = "com.apple.product-type.application";
		};
		B1DACDCD2442B2FC000F35D3 /* Final ProjectTests */ = {
			isa = PBXNativeTarget;
			buildConfigurationList = B1DACDE52442B2FC000F35D3 /* Build configuration list for PBXNativeTarget "Final ProjectTests" */;
			buildPhases = (
				B1DACDCA2442B2FC000F35D3 /* Sources */,
				B1DACDCB2442B2FC000F35D3 /* Frameworks */,
				B1DACDCC2442B2FC000F35D3 /* Resources */,
			);
			buildRules = (
			);
			dependencies = (
				B1DACDD02442B2FC000F35D3 /* PBXTargetDependency */,
			);
			name = "Final ProjectTests";
			productName = "FInal ProjectTests";
			productReference = B1DACDCE2442B2FC000F35D3 /* Final ProjectTests.xctest */;
			productType = "com.apple.product-type.bundle.unit-test";
		};
		B1DACDD82442B2FC000F35D3 /* Final ProjectUITests */ = {
			isa = PBXNativeTarget;
			buildConfigurationList = B1DACDE82442B2FC000F35D3 /* Build configuration list for PBXNativeTarget "Final ProjectUITests" */;
			buildPhases = (
				B1DACDD52442B2FC000F35D3 /* Sources */,
				B1DACDD62442B2FC000F35D3 /* Frameworks */,
				B1DACDD72442B2FC000F35D3 /* Resources */,
			);
			buildRules = (
			);
			dependencies = (
				B1DACDDB2442B2FC000F35D3 /* PBXTargetDependency */,
			);
			name = "Final ProjectUITests";
			productName = "FInal ProjectUITests";
			productReference = B1DACDD92442B2FC000F35D3 /* Final ProjectUITests.xctest */;
			productType = "com.apple.product-type.bundle.ui-testing";
		};
/* End PBXNativeTarget section */

/* Begin PBXProject section */
		B1DACDB02442B2F8000F35D3 /* Project object */ = {
			isa = PBXProject;
			attributes = {
				LastSwiftUpdateCheck = 1140;
				LastUpgradeCheck = 1140;
				ORGANIZATIONNAME = "Bethany Hsiao";
				TargetAttributes = {
					B1DACDB72442B2F8000F35D3 = {
						CreatedOnToolsVersion = 11.4;
					};
					B1DACDCD2442B2FC000F35D3 = {
						CreatedOnToolsVersion = 11.4;
						TestTargetID = B1DACDB72442B2F8000F35D3;
					};
					B1DACDD82442B2FC000F35D3 = {
						CreatedOnToolsVersion = 11.4;
						TestTargetID = B1DACDB72442B2F8000F35D3;
					};
				};
			};
			buildConfigurationList = B1DACDB32442B2F8000F35D3 /* Build configuration list for PBXProject "Final Project" */;
			compatibilityVersion = "Xcode 9.3";
			developmentRegion = en;
			hasScannedForEncodings = 0;
			knownRegions = (
				en,
				Base,
			);
			mainGroup = B1DACDAF2442B2F8000F35D3;
			packageReferences = (
				B19BF53324451BF300689BBC /* XCRemoteSwiftPackageReference "Kingfisher" */,
			);
			productRefGroup = B1DACDB92442B2F8000F35D3 /* Products */;
			projectDirPath = "";
			projectRoot = "";
			targets = (
				B1DACDB72442B2F8000F35D3 /* Final Project */,
				B1DACDCD2442B2FC000F35D3 /* Final ProjectTests */,
				B1DACDD82442B2FC000F35D3 /* Final ProjectUITests */,
			);
		};
/* End PBXProject section */

/* Begin PBXResourcesBuildPhase section */
		B1DACDB62442B2F8000F35D3 /* Resources */ = {
			isa = PBXResourcesBuildPhase;
			buildActionMask = 2147483647;
			files = (
				B1DACDC82442B2FC000F35D3 /* LaunchScreen.storyboard in Resources */,
				B1DACDC52442B2FC000F35D3 /* Assets.xcassets in Resources */,
				B1DACDC32442B2F8000F35D3 /* Main.storyboard in Resources */,
			);
			runOnlyForDeploymentPostprocessing = 0;
		};
		B1DACDCC2442B2FC000F35D3 /* Resources */ = {
			isa = PBXResourcesBuildPhase;
			buildActionMask = 2147483647;
			files = (
			);
			runOnlyForDeploymentPostprocessing = 0;
		};
		B1DACDD72442B2FC000F35D3 /* Resources */ = {
			isa = PBXResourcesBuildPhase;
			buildActionMask = 2147483647;
			files = (
			);
			runOnlyForDeploymentPostprocessing = 0;
		};
/* End PBXResourcesBuildPhase section */

/* Begin PBXSourcesBuildPhase section */
		B1DACDB42442B2F8000F35D3 /* Sources */ = {
			isa = PBXSourcesBuildPhase;
			buildActionMask = 2147483647;
			files = (
				B13B51D4244DE5520012BECF /* DetailTableViewController.swift in Sources */,
				B19BF5322443F9E600689BBC /* ReadingListTableViewController.swift in Sources */,
				B1DACDBC2442B2F8000F35D3 /* AppDelegate.swift in Sources */,
				B1DACDBE2442B2F8000F35D3 /* SceneDelegate.swift in Sources */,
				B19BF5302443F9C300689BBC /* FeedTableViewController.swift in Sources */,
			);
			runOnlyForDeploymentPostprocessing = 0;
		};
		B1DACDCA2442B2FC000F35D3 /* Sources */ = {
			isa = PBXSourcesBuildPhase;
			buildActionMask = 2147483647;
			files = (
				B1DACDD32442B2FC000F35D3 /* FInal_ProjectTests.swift in Sources */,
			);
			runOnlyForDeploymentPostprocessing = 0;
		};
		B1DACDD52442B2FC000F35D3 /* Sources */ = {
			isa = PBXSourcesBuildPhase;
			buildActionMask = 2147483647;
			files = (
				B1DACDDE2442B2FC000F35D3 /* FInal_ProjectUITests.swift in Sources */,
			);
			runOnlyForDeploymentPostprocessing = 0;
		};
/* End PBXSourcesBuildPhase section */

/* Begin PBXTargetDependency section */
		B1DACDD02442B2FC000F35D3 /* PBXTargetDependency */ = {
			isa = PBXTargetDependency;
			target = B1DACDB72442B2F8000F35D3 /* Final Project */;
			targetProxy = B1DACDCF2442B2FC000F35D3 /* PBXContainerItemProxy */;
		};
		B1DACDDB2442B2FC000F35D3 /* PBXTargetDependency */ = {
			isa = PBXTargetDependency;
			target = B1DACDB72442B2F8000F35D3 /* Final Project */;
			targetProxy = B1DACDDA2442B2FC000F35D3 /* PBXContainerItemProxy */;
		};
/* End PBXTargetDependency section */

/* Begin PBXVariantGroup section */
		B1DACDC12442B2F8000F35D3 /* Main.storyboard */ = {
			isa = PBXVariantGroup;
			children = (
				B1DACDC22442B2F8000F35D3 /* Base */,
			);
			name = Main.storyboard;
			sourceTree = "<group>";
		};
		B1DACDC62442B2FC000F35D3 /* LaunchScreen.storyboard */ = {
			isa = PBXVariantGroup;
			children = (
				B1DACDC72442B2FC000F35D3 /* Base */,
			);
			name = LaunchScreen.storyboard;
			sourceTree = "<group>";
		};
/* End PBXVariantGroup section */

/* Begin XCBuildConfiguration section */
		B1DACDE02442B2FC000F35D3 /* Debug */ = {
			isa = XCBuildConfiguration;
			buildSettings = {
				ALWAYS_SEARCH_USER_PATHS = NO;
				CLANG_ANALYZER_NONNULL = YES;
				CLANG_ANALYZER_NUMBER_OBJECT_CONVERSION = YES_AGGRESSIVE;
				CLANG_CXX_LANGUAGE_STANDARD = "gnu++14";
				CLANG_CXX_LIBRARY = "libc++";
				CLANG_ENABLE_MODULES = YES;
				CLANG_ENABLE_OBJC_ARC = YES;
				CLANG_ENABLE_OBJC_WEAK = YES;
				CLANG_WARN_BLOCK_CAPTURE_AUTORELEASING = YES;
				CLANG_WARN_BOOL_CONVERSION = YES;
				CLANG_WARN_COMMA = YES;
				CLANG_WARN_CONSTANT_CONVERSION = YES;
				CLANG_WARN_DEPRECATED_OBJC_IMPLEMENTATIONS = YES;
				CLANG_WARN_DIRECT_OBJC_ISA_USAGE = YES_ERROR;
				CLANG_WARN_DOCUMENTATION_COMMENTS = YES;
				CLANG_WARN_EMPTY_BODY = YES;
				CLANG_WARN_ENUM_CONVERSION = YES;
				CLANG_WARN_INFINITE_RECURSION = YES;
				CLANG_WARN_INT_CONVERSION = YES;
				CLANG_WARN_NON_LITERAL_NULL_CONVERSION = YES;
				CLANG_WARN_OBJC_IMPLICIT_RETAIN_SELF = YES;
				CLANG_WARN_OBJC_LITERAL_CONVERSION = YES;
				CLANG_WARN_OBJC_ROOT_CLASS = YES_ERROR;
				CLANG_WARN_RANGE_LOOP_ANALYSIS = YES;
				CLANG_WARN_STRICT_PROTOTYPES = YES;
				CLANG_WARN_SUSPICIOUS_MOVE = YES;
				CLANG_WARN_UNGUARDED_AVAILABILITY = YES_AGGRESSIVE;
				CLANG_WARN_UNREACHABLE_CODE = YES;
				CLANG_WARN__DUPLICATE_METHOD_MATCH = YES;
				COPY_PHASE_STRIP = NO;
				DEBUG_INFORMATION_FORMAT = dwarf;
				ENABLE_STRICT_OBJC_MSGSEND = YES;
				ENABLE_TESTABILITY = YES;
				GCC_C_LANGUAGE_STANDARD = gnu11;
				GCC_DYNAMIC_NO_PIC = NO;
				GCC_NO_COMMON_BLOCKS = YES;
				GCC_OPTIMIZATION_LEVEL = 0;
				GCC_PREPROCESSOR_DEFINITIONS = (
					"DEBUG=1",
					"$(inherited)",
				);
				GCC_WARN_64_TO_32_BIT_CONVERSION = YES;
				GCC_WARN_ABOUT_RETURN_TYPE = YES_ERROR;
				GCC_WARN_UNDECLARED_SELECTOR = YES;
				GCC_WARN_UNINITIALIZED_AUTOS = YES_AGGRESSIVE;
				GCC_WARN_UNUSED_FUNCTION = YES;
				GCC_WARN_UNUSED_VARIABLE = YES;
				IPHONEOS_DEPLOYMENT_TARGET = 13.4;
				MTL_ENABLE_DEBUG_INFO = INCLUDE_SOURCE;
				MTL_FAST_MATH = YES;
				ONLY_ACTIVE_ARCH = YES;
				SDKROOT = iphoneos;
				SWIFT_ACTIVE_COMPILATION_CONDITIONS = DEBUG;
				SWIFT_OPTIMIZATION_LEVEL = "-Onone";
			};
			name = Debug;
		};
		B1DACDE12442B2FC000F35D3 /* Release */ = {
			isa = XCBuildConfiguration;
			buildSettings = {
				ALWAYS_SEARCH_USER_PATHS = NO;
				CLANG_ANALYZER_NONNULL = YES;
				CLANG_ANALYZER_NUMBER_OBJECT_CONVERSION = YES_AGGRESSIVE;
				CLANG_CXX_LANGUAGE_STANDARD = "gnu++14";
				CLANG_CXX_LIBRARY = "libc++";
				CLANG_ENABLE_MODULES = YES;
				CLANG_ENABLE_OBJC_ARC = YES;
				CLANG_ENABLE_OBJC_WEAK = YES;
				CLANG_WARN_BLOCK_CAPTURE_AUTORELEASING = YES;
				CLANG_WARN_BOOL_CONVERSION = YES;
				CLANG_WARN_COMMA = YES;
				CLANG_WARN_CONSTANT_CONVERSION = YES;
				CLANG_WARN_DEPRECATED_OBJC_IMPLEMENTATIONS = YES;
				CLANG_WARN_DIRECT_OBJC_ISA_USAGE = YES_ERROR;
				CLANG_WARN_DOCUMENTATION_COMMENTS = YES;
				CLANG_WARN_EMPTY_BODY = YES;
				CLANG_WARN_ENUM_CONVERSION = YES;
				CLANG_WARN_INFINITE_RECURSION = YES;
				CLANG_WARN_INT_CONVERSION = YES;
				CLANG_WARN_NON_LITERAL_NULL_CONVERSION = YES;
				CLANG_WARN_OBJC_IMPLICIT_RETAIN_SELF = YES;
				CLANG_WARN_OBJC_LITERAL_CONVERSION = YES;
				CLANG_WARN_OBJC_ROOT_CLASS = YES_ERROR;
				CLANG_WARN_RANGE_LOOP_ANALYSIS = YES;
				CLANG_WARN_STRICT_PROTOTYPES = YES;
				CLANG_WARN_SUSPICIOUS_MOVE = YES;
				CLANG_WARN_UNGUARDED_AVAILABILITY = YES_AGGRESSIVE;
				CLANG_WARN_UNREACHABLE_CODE = YES;
				CLANG_WARN__DUPLICATE_METHOD_MATCH = YES;
				COPY_PHASE_STRIP = NO;
				DEBUG_INFORMATION_FORMAT = "dwarf-with-dsym";
				ENABLE_NS_ASSERTIONS = NO;
				ENABLE_STRICT_OBJC_MSGSEND = YES;
				GCC_C_LANGUAGE_STANDARD = gnu11;
				GCC_NO_COMMON_BLOCKS = YES;
				GCC_WARN_64_TO_32_BIT_CONVERSION = YES;
				GCC_WARN_ABOUT_RETURN_TYPE = YES_ERROR;
				GCC_WARN_UNDECLARED_SELECTOR = YES;
				GCC_WARN_UNINITIALIZED_AUTOS = YES_AGGRESSIVE;
				GCC_WARN_UNUSED_FUNCTION = YES;
				GCC_WARN_UNUSED_VARIABLE = YES;
				IPHONEOS_DEPLOYMENT_TARGET = 13.4;
				MTL_ENABLE_DEBUG_INFO = NO;
				MTL_FAST_MATH = YES;
				SDKROOT = iphoneos;
				SWIFT_COMPILATION_MODE = wholemodule;
				SWIFT_OPTIMIZATION_LEVEL = "-O";
				VALIDATE_PRODUCT = YES;
			};
			name = Release;
		};
		B1DACDE32442B2FC000F35D3 /* Debug */ = {
			isa = XCBuildConfiguration;
			buildSettings = {
				ASSETCATALOG_COMPILER_APPICON_NAME = AppIcon;
				CODE_SIGN_STYLE = Automatic;
				DEVELOPMENT_TEAM = 645HJJJM3Y;
				INFOPLIST_FILE = "FInal Project/Info.plist";
				LD_RUNPATH_SEARCH_PATHS = (
					"$(inherited)",
					"@executable_path/Frameworks",
				);
				PRODUCT_BUNDLE_IDENTIFIER = "Bethany-Hsiao.Final-Project";
				PRODUCT_NAME = "$(TARGET_NAME)";
				SWIFT_VERSION = 5.0;
				TARGETED_DEVICE_FAMILY = "1,2";
			};
			name = Debug;
		};
		B1DACDE42442B2FC000F35D3 /* Release */ = {
			isa = XCBuildConfiguration;
			buildSettings = {
				ASSETCATALOG_COMPILER_APPICON_NAME = AppIcon;
				CODE_SIGN_STYLE = Automatic;
				DEVELOPMENT_TEAM = 645HJJJM3Y;
				INFOPLIST_FILE = "FInal Project/Info.plist";
				LD_RUNPATH_SEARCH_PATHS = (
					"$(inherited)",
					"@executable_path/Frameworks",
				);
				PRODUCT_BUNDLE_IDENTIFIER = "Bethany-Hsiao.Final-Project";
				PRODUCT_NAME = "$(TARGET_NAME)";
				SWIFT_VERSION = 5.0;
				TARGETED_DEVICE_FAMILY = "1,2";
			};
			name = Release;
		};
		B1DACDE62442B2FC000F35D3 /* Debug */ = {
			isa = XCBuildConfiguration;
			buildSettings = {
				ALWAYS_EMBED_SWIFT_STANDARD_LIBRARIES = YES;
				BUNDLE_LOADER = "$(TEST_HOST)";
				CODE_SIGN_STYLE = Automatic;
				DEVELOPMENT_TEAM = 645HJJJM3Y;
				INFOPLIST_FILE = "FInal ProjectTests/Info.plist";
				IPHONEOS_DEPLOYMENT_TARGET = 13.4;
				LD_RUNPATH_SEARCH_PATHS = (
					"$(inherited)",
					"@executable_path/Frameworks",
					"@loader_path/Frameworks",
				);
				PRODUCT_BUNDLE_IDENTIFIER = "Bethany-Hsiao.FInal-ProjectTests";
				PRODUCT_NAME = "$(TARGET_NAME)";
				SWIFT_VERSION = 5.0;
				TARGETED_DEVICE_FAMILY = "1,2";
				TEST_HOST = "$(BUILT_PRODUCTS_DIR)/FInal Project.app/FInal Project";
			};
			name = Debug;
		};
		B1DACDE72442B2FC000F35D3 /* Release */ = {
			isa = XCBuildConfiguration;
			buildSettings = {
				ALWAYS_EMBED_SWIFT_STANDARD_LIBRARIES = YES;
				BUNDLE_LOADER = "$(TEST_HOST)";
				CODE_SIGN_STYLE = Automatic;
				DEVELOPMENT_TEAM = 645HJJJM3Y;
				INFOPLIST_FILE = "FInal ProjectTests/Info.plist";
				IPHONEOS_DEPLOYMENT_TARGET = 13.4;
				LD_RUNPATH_SEARCH_PATHS = (
					"$(inherited)",
					"@executable_path/Frameworks",
					"@loader_path/Frameworks",
				);
				PRODUCT_BUNDLE_IDENTIFIER = "Bethany-Hsiao.FInal-ProjectTests";
				PRODUCT_NAME = "$(TARGET_NAME)";
				SWIFT_VERSION = 5.0;
				TARGETED_DEVICE_FAMILY = "1,2";
				TEST_HOST = "$(BUILT_PRODUCTS_DIR)/FInal Project.app/FInal Project";
			};
			name = Release;
		};
		B1DACDE92442B2FC000F35D3 /* Debug */ = {
			isa = XCBuildConfiguration;
			buildSettings = {
				ALWAYS_EMBED_SWIFT_STANDARD_LIBRARIES = YES;
				CODE_SIGN_STYLE = Automatic;
				DEVELOPMENT_TEAM = 645HJJJM3Y;
				INFOPLIST_FILE = "FInal ProjectUITests/Info.plist";
				LD_RUNPATH_SEARCH_PATHS = (
					"$(inherited)",
					"@executable_path/Frameworks",
					"@loader_path/Frameworks",
				);
				PRODUCT_BUNDLE_IDENTIFIER = "Bethany-Hsiao.FInal-ProjectUITests";
				PRODUCT_NAME = "$(TARGET_NAME)";
				SWIFT_VERSION = 5.0;
				TARGETED_DEVICE_FAMILY = "1,2";
				TEST_TARGET_NAME = "FInal Project";
			};
			name = Debug;
		};
		B1DACDEA2442B2FC000F35D3 /* Release */ = {
			isa = XCBuildConfiguration;
			buildSettings = {
				ALWAYS_EMBED_SWIFT_STANDARD_LIBRARIES = YES;
				CODE_SIGN_STYLE = Automatic;
				DEVELOPMENT_TEAM = 645HJJJM3Y;
				INFOPLIST_FILE = "FInal ProjectUITests/Info.plist";
				LD_RUNPATH_SEARCH_PATHS = (
					"$(inherited)",
					"@executable_path/Frameworks",
					"@loader_path/Frameworks",
				);
				PRODUCT_BUNDLE_IDENTIFIER = "Bethany-Hsiao.FInal-ProjectUITests";
				PRODUCT_NAME = "$(TARGET_NAME)";
				SWIFT_VERSION = 5.0;
				TARGETED_DEVICE_FAMILY = "1,2";
				TEST_TARGET_NAME = "FInal Project";
			};
			name = Release;
		};
/* End XCBuildConfiguration section */

/* Begin XCConfigurationList section */
		B1DACDB32442B2F8000F35D3 /* Build configuration list for PBXProject "Final Project" */ = {
			isa = XCConfigurationList;
			buildConfigurations = (
				B1DACDE02442B2FC000F35D3 /* Debug */,
				B1DACDE12442B2FC000F35D3 /* Release */,
			);
			defaultConfigurationIsVisible = 0;
			defaultConfigurationName = Release;
		};
		B1DACDE22442B2FC000F35D3 /* Build configuration list for PBXNativeTarget "Final Project" */ = {
			isa = XCConfigurationList;
			buildConfigurations = (
				B1DACDE32442B2FC000F35D3 /* Debug */,
				B1DACDE42442B2FC000F35D3 /* Release */,
			);
			defaultConfigurationIsVisible = 0;
			defaultConfigurationName = Release;
		};
		B1DACDE52442B2FC000F35D3 /* Build configuration list for PBXNativeTarget "Final ProjectTests" */ = {
			isa = XCConfigurationList;
			buildConfigurations = (
				B1DACDE62442B2FC000F35D3 /* Debug */,
				B1DACDE72442B2FC000F35D3 /* Release */,
			);
			defaultConfigurationIsVisible = 0;
			defaultConfigurationName = Release;
		};
		B1DACDE82442B2FC000F35D3 /* Build configuration list for PBXNativeTarget "Final ProjectUITests" */ = {
			isa = XCConfigurationList;
			buildConfigurations = (
				B1DACDE92442B2FC000F35D3 /* Debug */,
				B1DACDEA2442B2FC000F35D3 /* Release */,
			);
			defaultConfigurationIsVisible = 0;
			defaultConfigurationName = Release;
		};
/* End XCConfigurationList section */

/* Begin XCRemoteSwiftPackageReference section */
		B19BF53324451BF300689BBC /* XCRemoteSwiftPackageReference "Kingfisher" */ = {
			isa = XCRemoteSwiftPackageReference;
			repositoryURL = "https://github.com/onevcat/Kingfisher";
			requirement = {
				kind = upToNextMajorVersion;
				minimumVersion = 5.13.4;
			};
		};
/* End XCRemoteSwiftPackageReference section */

/* Begin XCSwiftPackageProductDependency section */
		B19BF53424451BF300689BBC /* Kingfisher */ = {
			isa = XCSwiftPackageProductDependency;
			package = B19BF53324451BF300689BBC /* XCRemoteSwiftPackageReference "Kingfisher" */;
			productName = Kingfisher;
		};
/* End XCSwiftPackageProductDependency section */
	};
	rootObject = B1DACDB02442B2F8000F35D3 /* Project object */;
}
